
Microsoft Visual Studio Solution File, Format Version 12.00
# Visual Studio Version 16
VisualStudioVersion = 16.0.30612.141
MinimumVisualStudioVersion = 15.0.26124.0
Project("{9A19103F-16F7-4668-BE54-9A1E7A4F7556}") = "1a", "1a\1a.csproj", "{A2875E13-9BE0-47C7-ABA4-DAC3F552664E}"
EndProject
Project("{9A19103F-16F7-4668-BE54-9A1E7A4F7556}") = "2", "2\2.csproj", "{98EC4892-A81C-4AED-A4D7-84339DFCD0A0}"
EndProject
Project("{9A19103F-16F7-4668-BE54-9A1E7A4F7556}") = "3", "3\3.csproj", "{A8CE86ED-BA09-4225-8CD9-F2AB501FA211}"
EndProject
Project("{9A19103F-16F7-4668-BE54-9A1E7A4F7556}") = "4", "4\4.csproj", "{55EF23EA-CD39-4BD4-B794-28C3309AE40F}"
EndProject
Project("{9A19103F-16F7-4668-BE54-9A1E7A4F7556}") = "5+", "5+\5+.csproj", "{5E6A5D09-D6D8-497D-916F-9961CAB1E626}"
EndProject
Project("{9A19103F-16F7-4668-BE54-9A1E7A4F7556}") = "6", "6\6.csproj", "{3F14E663-8B3B-499B-8AB4-A7D526D4F7E3}"
EndProject
Project("{FAE04EC0-301F-11D3-BF4B-00C04F79EFBC}") = "7", "7\7.csproj", "{8ABDBE80-BDC5-4504-8F36-18AD8673405B}"
EndProject
Project("{FAE04EC0-301F-11D3-BF4B-00C04F79EFBC}") = "8", "8\8.csproj", "{D04D1B2F-C35D-4037-B063-99625A2511C9}"
EndProject
Global
	GlobalSection(SolutionConfigurationPlatforms) = preSolution
		Debug|Any CPU = Debug|Any CPU
		Debug|x64 = Debug|x64
		Debug|x86 = Debug|x86
		Release|Any CPU = Release|Any CPU
		Release|x64 = Release|x64
		Release|x86 = Release|x86
	EndGlobalSection
	GlobalSection(ProjectConfigurationPlatforms) = postSolution
		{A2875E13-9BE0-47C7-ABA4-DAC3F552664E}.Debug|Any CPU.ActiveCfg = Debug|Any CPU
		{A2875E13-9BE0-47C7-ABA4-DAC3F552664E}.Debug|Any CPU.Build.0 = Debug|Any CPU
		{A2875E13-9BE0-47C7-ABA4-DAC3F552664E}.Debug|x64.ActiveCfg = Debug|Any CPU
		{A2875E13-9BE0-47C7-ABA4-DAC3F552664E}.Debug|x64.Build.0 = Debug|Any CPU
		{A2875E13-9BE0-47C7-ABA4-DAC3F552664E}.Debug|x86.ActiveCfg = Debug|Any CPU
		{A2875E13-9BE0-47C7-ABA4-DAC3F552664E}.Debug|x86.Build.0 = Debug|Any CPU
		{A2875E13-9BE0-47C7-ABA4-DAC3F552664E}.Release|Any CPU.ActiveCfg = Release|Any CPU
		{A2875E13-9BE0-47C7-ABA4-DAC3F552664E}.Release|Any CPU.Build.0 = Release|Any CPU
		{A2875E13-9BE0-47C7-ABA4-DAC3F552664E}.Release|x64.ActiveCfg = Release|Any CPU
		{A2875E13-9BE0-47C7-ABA4-DAC3F552664E}.Release|x64.Build.0 = Release|Any CPU
		{A2875E13-9BE0-47C7-ABA4-DAC3F552664E}.Release|x86.ActiveCfg = Release|Any CPU
		{A2875E13-9BE0-47C7-ABA4-DAC3F552664E}.Release|x86.Build.0 = Release|Any CPU
		{98EC4892-A81C-4AED-A4D7-84339DFCD0A0}.Debug|Any CPU.ActiveCfg = Debug|Any CPU
		{98EC4892-A81C-4AED-A4D7-84339DFCD0A0}.Debug|Any CPU.Build.0 = Debug|Any CPU
		{98EC4892-A81C-4AED-A4D7-84339DFCD0A0}.Debug|x64.ActiveCfg = Debug|Any CPU
		{98EC4892-A81C-4AED-A4D7-84339DFCD0A0}.Debug|x64.Build.0 = Debug|Any CPU
		{98EC4892-A81C-4AED-A4D7-84339DFCD0A0}.Debug|x86.ActiveCfg = Debug|Any CPU
		{98EC4892-A81C-4AED-A4D7-84339DFCD0A0}.Debug|x86.Build.0 = Debug|Any CPU
		{98EC4892-A81C-4AED-A4D7-84339DFCD0A0}.Release|Any CPU.ActiveCfg = Release|Any CPU
		{98EC4892-A81C-4AED-A4D7-84339DFCD0A0}.Release|Any CPU.Build.0 = Release|Any CPU
		{98EC4892-A81C-4AED-A4D7-84339DFCD0A0}.Release|x64.ActiveCfg = Release|Any CPU
		{98EC4892-A81C-4AED-A4D7-84339DFCD0A0}.Release|x64.Build.0 = Release|Any CPU
		{98EC4892-A81C-4AED-A4D7-84339DFCD0A0}.Release|x86.ActiveCfg = Release|Any CPU
		{98EC4892-A81C-4AED-A4D7-84339DFCD0A0}.Release|x86.Build.0 = Release|Any CPU
		{A8CE86ED-BA09-4225-8CD9-F2AB501FA211}.Debug|Any CPU.ActiveCfg = Debug|Any CPU
		{A8CE86ED-BA09-4225-8CD9-F2AB501FA211}.Debug|Any CPU.Build.0 = Debug|Any CPU
		{A8CE86ED-BA09-4225-8CD9-F2AB501FA211}.Debug|x64.ActiveCfg = Debug|Any CPU
		{A8CE86ED-BA09-4225-8CD9-F2AB501FA211}.Debug|x64.Build.0 = Debug|Any CPU
		{A8CE86ED-BA09-4225-8CD9-F2AB501FA211}.Debug|x86.ActiveCfg = Debug|Any CPU
		{A8CE86ED-BA09-4225-8CD9-F2AB501FA211}.Debug|x86.Build.0 = Debug|Any CPU
		{A8CE86ED-BA09-4225-8CD9-F2AB501FA211}.Release|Any CPU.ActiveCfg = Release|Any CPU
		{A8CE86ED-BA09-4225-8CD9-F2AB501FA211}.Release|Any CPU.Build.0 = Release|Any CPU
		{A8CE86ED-BA09-4225-8CD9-F2AB501FA211}.Release|x64.ActiveCfg = Release|Any CPU
		{A8CE86ED-BA09-4225-8CD9-F2AB501FA211}.Release|x64.Build.0 = Release|Any CPU
		{A8CE86ED-BA09-4225-8CD9-F2AB501FA211}.Release|x86.ActiveCfg = Release|Any CPU
		{A8CE86ED-BA09-4225-8CD9-F2AB501FA211}.Release|x86.Build.0 = Release|Any CPU
		{55EF23EA-CD39-4BD4-B794-28C3309AE40F}.Debug|Any CPU.ActiveCfg = Debug|Any CPU
		{55EF23EA-CD39-4BD4-B794-28C3309AE40F}.Debug|Any CPU.Build.0 = Debug|Any CPU
		{55EF23EA-CD39-4BD4-B794-28C3309AE40F}.Debug|x64.ActiveCfg = Debug|Any CPU
		{55EF23EA-CD39-4BD4-B794-28C3309AE40F}.Debug|x64.Build.0 = Debug|Any CPU
		{55EF23EA-CD39-4BD4-B794-28C3309AE40F}.Debug|x86.ActiveCfg = Debug|Any CPU
		{55EF23EA-CD39-4BD4-B794-28C3309AE40F}.Debug|x86.Build.0 = Debug|Any CPU
		{55EF23EA-CD39-4BD4-B794-28C3309AE40F}.Release|Any CPU.ActiveCfg = Release|Any CPU
		{55EF23EA-CD39-4BD4-B794-28C3309AE40F}.Release|Any CPU.Build.0 = Release|Any CPU
		{55EF23EA-CD39-4BD4-B794-28C3309AE40F}.Release|x64.ActiveCfg = Release|Any CPU
		{55EF23EA-CD39-4BD4-B794-28C3309AE40F}.Release|x64.Build.0 = Release|Any CPU
		{55EF23EA-CD39-4BD4-B794-28C3309AE40F}.Release|x86.ActiveCfg = Release|Any CPU
		{55EF23EA-CD39-4BD4-B794-28C3309AE40F}.Release|x86.Build.0 = Release|Any CPU
		{5E6A5D09-D6D8-497D-916F-9961CAB1E626}.Debug|Any CPU.ActiveCfg = Debug|Any CPU
		{5E6A5D09-D6D8-497D-916F-9961CAB1E626}.Debug|Any CPU.Build.0 = Debug|Any CPU
		{5E6A5D09-D6D8-497D-916F-9961CAB1E626}.Debug|x64.ActiveCfg = Debug|Any CPU
		{5E6A5D09-D6D8-497D-916F-9961CAB1E626}.Debug|x64.Build.0 = Debug|Any CPU
		{5E6A5D09-D6D8-497D-916F-9961CAB1E626}.Debug|x86.ActiveCfg = Debug|Any CPU
		{5E6A5D09-D6D8-497D-916F-9961CAB1E626}.Debug|x86.Build.0 = Debug|Any CPU
		{5E6A5D09-D6D8-497D-916F-9961CAB1E626}.Release|Any CPU.ActiveCfg = Release|Any CPU
		{5E6A5D09-D6D8-497D-916F-9961CAB1E626}.Release|Any CPU.Build.0 = Release|Any CPU
		{5E6A5D09-D6D8-497D-916F-9961CAB1E626}.Release|x64.ActiveCfg = Release|Any CPU
		{5E6A5D09-D6D8-497D-916F-9961CAB1E626}.Release|x64.Build.0 = Release|Any CPU
		{5E6A5D09-D6D8-497D-916F-9961CAB1E626}.Release|x86.ActiveCfg = Release|Any CPU
		{5E6A5D09-D6D8-497D-916F-9961CAB1E626}.Release|x86.Build.0 = Release|Any CPU
		{3F14E663-8B3B-499B-8AB4-A7D526D4F7E3}.Debug|Any CPU.ActiveCfg = Debug|Any CPU
		{3F14E663-8B3B-499B-8AB4-A7D526D4F7E3}.Debug|Any CPU.Build.0 = Debug|Any CPU
		{3F14E663-8B3B-499B-8AB4-A7D526D4F7E3}.Debug|x64.ActiveCfg = Debug|Any CPU
		{3F14E663-8B3B-499B-8AB4-A7D526D4F7E3}.Debug|x64.Build.0 = Debug|Any CPU
		{3F14E663-8B3B-499B-8AB4-A7D526D4F7E3}.Debug|x86.ActiveCfg = Debug|Any CPU
		{3F14E663-8B3B-499B-8AB4-A7D526D4F7E3}.Debug|x86.Build.0 = Debug|Any CPU
		{3F14E663-8B3B-499B-8AB4-A7D526D4F7E3}.Release|Any CPU.ActiveCfg = Release|Any CPU
		{3F14E663-8B3B-499B-8AB4-A7D526D4F7E3}.Release|Any CPU.Build.0 = Release|Any CPU
		{3F14E663-8B3B-499B-8AB4-A7D526D4F7E3}.Release|x64.ActiveCfg = Release|Any CPU
		{3F14E663-8B3B-499B-8AB4-A7D526D4F7E3}.Release|x64.Build.0 = Release|Any CPU
		{3F14E663-8B3B-499B-8AB4-A7D526D4F7E3}.Release|x86.ActiveCfg = Release|Any CPU
		{3F14E663-8B3B-499B-8AB4-A7D526D4F7E3}.Release|x86.Build.0 = Release|Any CPU
		{8ABDBE80-BDC5-4504-8F36-18AD8673405B}.Debug|Any CPU.ActiveCfg = Debug|Any CPU
		{8ABDBE80-BDC5-4504-8F36-18AD8673405B}.Debug|Any CPU.Build.0 = Debug|Any CPU
		{8ABDBE80-BDC5-4504-8F36-18AD8673405B}.Debug|x64.ActiveCfg = Debug|Any CPU
		{8ABDBE80-BDC5-4504-8F36-18AD8673405B}.Debug|x64.Build.0 = Debug|Any CPU
		{8ABDBE80-BDC5-4504-8F36-18AD8673405B}.Debug|x86.ActiveCfg = Debug|Any CPU
		{8ABDBE80-BDC5-4504-8F36-18AD8673405B}.Debug|x86.Build.0 = Debug|Any CPU
		{8ABDBE80-BDC5-4504-8F36-18AD8673405B}.Release|Any CPU.ActiveCfg = Release|Any CPU
		{8ABDBE80-BDC5-4504-8F36-18AD8673405B}.Release|Any CPU.Build.0 = Release|Any CPU
		{8ABDBE80-BDC5-4504-8F36-18AD8673405B}.Release|x64.ActiveCfg = Release|Any CPU
		{8ABDBE80-BDC5-4504-8F36-18AD8673405B}.Release|x64.Build.0 = Release|Any CPU
		{8ABDBE80-BDC5-4504-8F36-18AD8673405B}.Release|x86.ActiveCfg = Release|Any CPU
		{8ABDBE80-BDC5-4504-8F36-18AD8673405B}.Release|x86.Build.0 = Release|Any CPU
		{D04D1B2F-C35D-4037-B063-99625A2511C9}.Debug|Any CPU.ActiveCfg = Debug|Any CPU
		{D04D1B2F-C35D-4037-B063-99625A2511C9}.Debug|Any CPU.Build.0 = Debug|Any CPU
		{D04D1B2F-C35D-4037-B063-99625A2511C9}.Debug|x64.ActiveCfg = Debug|Any CPU
		{D04D1B2F-C35D-4037-B063-99625A2511C9}.Debug|x64.Build.0 = Debug|Any CPU
		{D04D1B2F-C35D-4037-B063-99625A2511C9}.Debug|x86.ActiveCfg = Debug|Any CPU
		{D04D1B2F-C35D-4037-B063-99625A2511C9}.Debug|x86.Build.0 = Debug|Any CPU
		{D04D1B2F-C35D-4037-B063-99625A2511C9}.Release|Any CPU.ActiveCfg = Release|Any CPU
		{D04D1B2F-C35D-4037-B063-99625A2511C9}.Release|Any CPU.Build.0 = Release|Any CPU
		{D04D1B2F-C35D-4037-B063-99625A2511C9}.Release|x64.ActiveCfg = Release|Any CPU
		{D04D1B2F-C35D-4037-B063-99625A2511C9}.Release|x64.Build.0 = Release|Any CPU
		{D04D1B2F-C35D-4037-B063-99625A2511C9}.Release|x86.ActiveCfg = Release|Any CPU
		{D04D1B2F-C35D-4037-B063-99625A2511C9}.Release|x86.Build.0 = Release|Any CPU
	EndGlobalSection
	GlobalSection(SolutionProperties) = preSolution
		HideSolutionNode = FALSE
	EndGlobalSection
	GlobalSection(ExtensibilityGlobals) = postSolution
		SolutionGuid = {1B96F04F-6CD4-43DB-AABC-8DE9EEC4611C}
	EndGlobalSection
EndGlobal
